
Microsoft Visual Studio Solution File, Format Version 12.00
# Visual Studio 2013
VisualStudioVersion = 12.0.21005.1
MinimumVisualStudioVersion = 10.0.40219.1
Project("{FAE04EC0-301F-11D3-BF4B-00C04F79EFBC}") = "JsonPeek.MSBuild", "JsonPeek.MSBuild\JsonPeek.MSBuild.csproj", "{1EE74008-7AE5-4C29-9364-CBADD7A06637}"
EndProject
Project("{FAE04EC0-301F-11D3-BF4B-00C04F79EFBC}") = "Test", "Test\Test.csproj", "{1BF9DD87-636C-4A8A-AC43-5E5EA98B3899}"
EndProject
Global
	GlobalSection(SolutionConfigurationPlatforms) = preSolution
		Debug|Any CPU = Debug|Any CPU
		Release|Any CPU = Release|Any CPU
	EndGlobalSection
	GlobalSection(ProjectConfigurationPlatforms) = postSolution
		{1EE74008-7AE5-4C29-9364-CBADD7A06637}.Debug|Any CPU.ActiveCfg = Debug|Any CPU
		{1EE74008-7AE5-4C29-9364-CBADD7A06637}.Debug|Any CPU.Build.0 = Debug|Any CPU
		{1EE74008-7AE5-4C29-9364-CBADD7A06637}.Release|Any CPU.ActiveCfg = Release|Any CPU
		{1EE74008-7AE5-4C29-9364-CBADD7A06637}.Release|Any CPU.Build.0 = Release|Any CPU
		{1BF9DD87-636C-4A8A-AC43-5E5EA98B3899}.Debug|Any CPU.ActiveCfg = Debug|Any CPU
		{1BF9DD87-636C-4A8A-AC43-5E5EA98B3899}.Debug|Any CPU.Build.0 = Debug|Any CPU
		{1BF9DD87-636C-4A8A-AC43-5E5EA98B3899}.Release|Any CPU.ActiveCfg = Release|Any CPU
		{1BF9DD87-636C-4A8A-AC43-5E5EA98B3899}.Release|Any CPU.Build.0 = Release|Any CPU
	EndGlobalSection
	GlobalSection(SolutionProperties) = preSolution
		HideSolutionNode = FALSE
	EndGlobalSection
EndGlobal
